
Microsoft Visual Studio Solution File, Format Version 12.00
# Visual Studio Version 16
VisualStudioVersion = 16.0.30104.148
MinimumVisualStudioVersion = 10.0.40219.1
Project("{FAE04EC0-301F-11D3-BF4B-00C04F79EFBC}") = "Ejercicio 7", "Ejercicio 7\Ejercicio 7.csproj", "{5B84AEF0-FB5D-457C-872B-02CC2E72DC41}"
EndProject
Global
	GlobalSection(SolutionConfigurationPlatforms) = preSolution
		Debug|Any CPU = Debug|Any CPU
		Release|Any CPU = Release|Any CPU
	EndGlobalSection
	GlobalSection(ProjectConfigurationPlatforms) = postSolution
		{5B84AEF0-FB5D-457C-872B-02CC2E72DC41}.Debug|Any CPU.ActiveCfg = Debug|Any CPU
		{5B84AEF0-FB5D-457C-872B-02CC2E72DC41}.Debug|Any CPU.Build.0 = Debug|Any CPU
		{5B84AEF0-FB5D-457C-872B-02CC2E72DC41}.Release|Any CPU.ActiveCfg = Release|Any CPU
		{5B84AEF0-FB5D-457C-872B-02CC2E72DC41}.Release|Any CPU.Build.0 = Release|Any CPU
	EndGlobalSection
	GlobalSection(SolutionProperties) = preSolution
		HideSolutionNode = FALSE
	EndGlobalSection
	GlobalSection(ExtensibilityGlobals) = postSolution
		SolutionGuid = {E6EAAD7C-1675-454D-A863-5F33AFED9045}
	EndGlobalSection
EndGlobal
