
Microsoft Visual Studio Solution File, Format Version 12.00
# Visual Studio Version 16
VisualStudioVersion = 16.0.30104.148
MinimumVisualStudioVersion = 10.0.40219.1
Project("{FAE04EC0-301F-11D3-BF4B-00C04F79EFBC}") = "Ejercicio 8", "Ejercicio 8\Ejercicio 8.csproj", "{D77FF27A-8244-4909-A942-53654E7DFEAA}"
EndProject
Global
	GlobalSection(SolutionConfigurationPlatforms) = preSolution
		Debug|Any CPU = Debug|Any CPU
		Release|Any CPU = Release|Any CPU
	EndGlobalSection
	GlobalSection(ProjectConfigurationPlatforms) = postSolution
		{D77FF27A-8244-4909-A942-53654E7DFEAA}.Debug|Any CPU.ActiveCfg = Debug|Any CPU
		{D77FF27A-8244-4909-A942-53654E7DFEAA}.Debug|Any CPU.Build.0 = Debug|Any CPU
		{D77FF27A-8244-4909-A942-53654E7DFEAA}.Release|Any CPU.ActiveCfg = Release|Any CPU
		{D77FF27A-8244-4909-A942-53654E7DFEAA}.Release|Any CPU.Build.0 = Release|Any CPU
	EndGlobalSection
	GlobalSection(SolutionProperties) = preSolution
		HideSolutionNode = FALSE
	EndGlobalSection
	GlobalSection(ExtensibilityGlobals) = postSolution
		SolutionGuid = {6C9BC71F-8C86-4AFA-94C0-FA31B048EF26}
	EndGlobalSection
EndGlobal
