
Microsoft Visual Studio Solution File, Format Version 12.00
# Visual Studio Version 16
VisualStudioVersion = 16.0.30104.148
MinimumVisualStudioVersion = 10.0.40219.1
Project("{FAE04EC0-301F-11D3-BF4B-00C04F79EFBC}") = "Ejercicio 8", "Ejercicio 8\Ejercicio 8.csproj", "{80EA826D-60B2-4F46-BAFC-691A17D925D1}"
EndProject
Global
	GlobalSection(SolutionConfigurationPlatforms) = preSolution
		Debug|Any CPU = Debug|Any CPU
		Release|Any CPU = Release|Any CPU
	EndGlobalSection
	GlobalSection(ProjectConfigurationPlatforms) = postSolution
		{80EA826D-60B2-4F46-BAFC-691A17D925D1}.Debug|Any CPU.ActiveCfg = Debug|Any CPU
		{80EA826D-60B2-4F46-BAFC-691A17D925D1}.Debug|Any CPU.Build.0 = Debug|Any CPU
		{80EA826D-60B2-4F46-BAFC-691A17D925D1}.Release|Any CPU.ActiveCfg = Release|Any CPU
		{80EA826D-60B2-4F46-BAFC-691A17D925D1}.Release|Any CPU.Build.0 = Release|Any CPU
	EndGlobalSection
	GlobalSection(SolutionProperties) = preSolution
		HideSolutionNode = FALSE
	EndGlobalSection
	GlobalSection(ExtensibilityGlobals) = postSolution
		SolutionGuid = {C30C6553-E179-4467-AE11-A0733C116251}
	EndGlobalSection
EndGlobal
