
Microsoft Visual Studio Solution File, Format Version 12.00
# Visual Studio Version 16
VisualStudioVersion = 16.0.30104.148
MinimumVisualStudioVersion = 10.0.40219.1
Project("{FAE04EC0-301F-11D3-BF4B-00C04F79EFBC}") = "Ejercicio 1", "Ejercicio 1\Ejercicio 1.csproj", "{1EA51F93-1BA1-40C5-8B06-04690128CAB2}"
EndProject
Global
	GlobalSection(SolutionConfigurationPlatforms) = preSolution
		Debug|Any CPU = Debug|Any CPU
		Release|Any CPU = Release|Any CPU
	EndGlobalSection
	GlobalSection(ProjectConfigurationPlatforms) = postSolution
		{1EA51F93-1BA1-40C5-8B06-04690128CAB2}.Debug|Any CPU.ActiveCfg = Debug|Any CPU
		{1EA51F93-1BA1-40C5-8B06-04690128CAB2}.Debug|Any CPU.Build.0 = Debug|Any CPU
		{1EA51F93-1BA1-40C5-8B06-04690128CAB2}.Release|Any CPU.ActiveCfg = Release|Any CPU
		{1EA51F93-1BA1-40C5-8B06-04690128CAB2}.Release|Any CPU.Build.0 = Release|Any CPU
	EndGlobalSection
	GlobalSection(SolutionProperties) = preSolution
		HideSolutionNode = FALSE
	EndGlobalSection
	GlobalSection(ExtensibilityGlobals) = postSolution
		SolutionGuid = {00DA6FD3-A9ED-42B7-B3A3-C2C9D87857B4}
	EndGlobalSection
EndGlobal
