
Microsoft Visual Studio Solution File, Format Version 12.00
# Visual Studio Version 16
VisualStudioVersion = 16.0.30104.148
MinimumVisualStudioVersion = 10.0.40219.1
Project("{FAE04EC0-301F-11D3-BF4B-00C04F79EFBC}") = "Ejercicio 2", "Ejercicio 2\Ejercicio 2.csproj", "{E7D8EB24-03F1-449D-91DF-A69045C76DDA}"
EndProject
Global
	GlobalSection(SolutionConfigurationPlatforms) = preSolution
		Debug|Any CPU = Debug|Any CPU
		Release|Any CPU = Release|Any CPU
	EndGlobalSection
	GlobalSection(ProjectConfigurationPlatforms) = postSolution
		{E7D8EB24-03F1-449D-91DF-A69045C76DDA}.Debug|Any CPU.ActiveCfg = Debug|Any CPU
		{E7D8EB24-03F1-449D-91DF-A69045C76DDA}.Debug|Any CPU.Build.0 = Debug|Any CPU
		{E7D8EB24-03F1-449D-91DF-A69045C76DDA}.Release|Any CPU.ActiveCfg = Release|Any CPU
		{E7D8EB24-03F1-449D-91DF-A69045C76DDA}.Release|Any CPU.Build.0 = Release|Any CPU
	EndGlobalSection
	GlobalSection(SolutionProperties) = preSolution
		HideSolutionNode = FALSE
	EndGlobalSection
	GlobalSection(ExtensibilityGlobals) = postSolution
		SolutionGuid = {F0176624-D6B6-4CF2-817A-A7652F4896B9}
	EndGlobalSection
EndGlobal
