
Microsoft Visual Studio Solution File, Format Version 12.00
# Visual Studio Version 16
VisualStudioVersion = 16.0.30104.148
MinimumVisualStudioVersion = 10.0.40219.1
Project("{FAE04EC0-301F-11D3-BF4B-00C04F79EFBC}") = "Ejercicio 10", "Ejercicio 10\Ejercicio 10.csproj", "{BE6BC0B4-930E-468A-974A-A8EA08E99BEA}"
EndProject
Global
	GlobalSection(SolutionConfigurationPlatforms) = preSolution
		Debug|Any CPU = Debug|Any CPU
		Release|Any CPU = Release|Any CPU
	EndGlobalSection
	GlobalSection(ProjectConfigurationPlatforms) = postSolution
		{BE6BC0B4-930E-468A-974A-A8EA08E99BEA}.Debug|Any CPU.ActiveCfg = Debug|Any CPU
		{BE6BC0B4-930E-468A-974A-A8EA08E99BEA}.Debug|Any CPU.Build.0 = Debug|Any CPU
		{BE6BC0B4-930E-468A-974A-A8EA08E99BEA}.Release|Any CPU.ActiveCfg = Release|Any CPU
		{BE6BC0B4-930E-468A-974A-A8EA08E99BEA}.Release|Any CPU.Build.0 = Release|Any CPU
	EndGlobalSection
	GlobalSection(SolutionProperties) = preSolution
		HideSolutionNode = FALSE
	EndGlobalSection
	GlobalSection(ExtensibilityGlobals) = postSolution
		SolutionGuid = {8D2DC26E-0297-4626-A544-25EE7201B4AE}
	EndGlobalSection
EndGlobal
