
Microsoft Visual Studio Solution File, Format Version 12.00
# Visual Studio Version 16
VisualStudioVersion = 16.0.30104.148
MinimumVisualStudioVersion = 10.0.40219.1
Project("{FAE04EC0-301F-11D3-BF4B-00C04F79EFBC}") = "Introducción", "Introducción\Introducción.csproj", "{F1C471C8-D60B-4916-B5B5-B3C49D139A83}"
EndProject
Global
	GlobalSection(SolutionConfigurationPlatforms) = preSolution
		Debug|Any CPU = Debug|Any CPU
		Release|Any CPU = Release|Any CPU
	EndGlobalSection
	GlobalSection(ProjectConfigurationPlatforms) = postSolution
		{F1C471C8-D60B-4916-B5B5-B3C49D139A83}.Debug|Any CPU.ActiveCfg = Debug|Any CPU
		{F1C471C8-D60B-4916-B5B5-B3C49D139A83}.Debug|Any CPU.Build.0 = Debug|Any CPU
		{F1C471C8-D60B-4916-B5B5-B3C49D139A83}.Release|Any CPU.ActiveCfg = Release|Any CPU
		{F1C471C8-D60B-4916-B5B5-B3C49D139A83}.Release|Any CPU.Build.0 = Release|Any CPU
	EndGlobalSection
	GlobalSection(SolutionProperties) = preSolution
		HideSolutionNode = FALSE
	EndGlobalSection
	GlobalSection(ExtensibilityGlobals) = postSolution
		SolutionGuid = {FC217FB5-A228-4F3B-B046-43EC94CDBFBD}
	EndGlobalSection
EndGlobal
