
Microsoft Visual Studio Solution File, Format Version 12.00
# Visual Studio Version 16
VisualStudioVersion = 16.0.30104.148
MinimumVisualStudioVersion = 10.0.40219.1
Project("{FAE04EC0-301F-11D3-BF4B-00C04F79EFBC}") = "Ejercicio 11", "Ejercicio 11\Ejercicio 11.csproj", "{E59B9EB1-09CB-4E1E-8B58-DCC9F7FC0175}"
EndProject
Global
	GlobalSection(SolutionConfigurationPlatforms) = preSolution
		Debug|Any CPU = Debug|Any CPU
		Release|Any CPU = Release|Any CPU
	EndGlobalSection
	GlobalSection(ProjectConfigurationPlatforms) = postSolution
		{E59B9EB1-09CB-4E1E-8B58-DCC9F7FC0175}.Debug|Any CPU.ActiveCfg = Debug|Any CPU
		{E59B9EB1-09CB-4E1E-8B58-DCC9F7FC0175}.Debug|Any CPU.Build.0 = Debug|Any CPU
		{E59B9EB1-09CB-4E1E-8B58-DCC9F7FC0175}.Release|Any CPU.ActiveCfg = Release|Any CPU
		{E59B9EB1-09CB-4E1E-8B58-DCC9F7FC0175}.Release|Any CPU.Build.0 = Release|Any CPU
	EndGlobalSection
	GlobalSection(SolutionProperties) = preSolution
		HideSolutionNode = FALSE
	EndGlobalSection
	GlobalSection(ExtensibilityGlobals) = postSolution
		SolutionGuid = {05A34114-4BFF-499F-996A-156B84966587}
	EndGlobalSection
EndGlobal
